// !$*UTF8*$!
{
	archiveVersion = 1;
	classes = {
	};
	objectVersion = 46;
	objects = {

/* Begin PBXBuildFile section */
		F4AB3BBA1859E623000FB929 /* UIKit.framework in Frameworks */ = {isa = PBXBuildFile; fileRef = F4AB3BB91859E623000FB929 /* UIKit.framework */; };
		F4AB3BBC1859E623000FB929 /* Foundation.framework in Frameworks */ = {isa = PBXBuildFile; fileRef = F4AB3BBB1859E623000FB929 /* Foundation.framework */; };
		F4AB3BBE1859E623000FB929 /* CoreGraphics.framework in Frameworks */ = {isa = PBXBuildFile; fileRef = F4AB3BBD1859E623000FB929 /* CoreGraphics.framework */; };
		F4AB3BC41859E623000FB929 /* InfoPlist.strings in Resources */ = {isa = PBXBuildFile; fileRef = F4AB3BC21859E623000FB929 /* InfoPlist.strings */; };
		F4AB3BC61859E623000FB929 /* main.m in Sources */ = {isa = PBXBuildFile; fileRef = F4AB3BC51859E623000FB929 /* main.m */; };
		F4AB3BCA1859E623000FB929 /* AppDelegate.m in Sources */ = {isa = PBXBuildFile; fileRef = F4AB3BC91859E623000FB929 /* AppDelegate.m */; };
		F4AB3BCC1859E623000FB929 /* Default.png in Resources */ = {isa = PBXBuildFile; fileRef = F4AB3BCB1859E623000FB929 /* Default.png */; };
		F4AB3BCE1859E623000FB929 /* Default@2x.png in Resources */ = {isa = PBXBuildFile; fileRef = F4AB3BCD1859E623000FB929 /* Default@2x.png */; };
		F4AB3BD01859E623000FB929 /* Default-568h@2x.png in Resources */ = {isa = PBXBuildFile; fileRef = F4AB3BCF1859E623000FB929 /* Default-568h@2x.png */; };
		F4AB3BD31859E623000FB929 /* MainStoryboard.storyboard in Resources */ = {isa = PBXBuildFile; fileRef = F4AB3BD11859E623000FB929 /* MainStoryboard.storyboard */; };
		F4AB3BD61859E623000FB929 /* MasterViewController.m in Sources */ = {isa = PBXBuildFile; fileRef = F4AB3BD51859E623000FB929 /* MasterViewController.m */; };
		F4AB3BD91859E623000FB929 /* DetailViewController.m in Sources */ = {isa = PBXBuildFile; fileRef = F4AB3BD81859E623000FB929 /* DetailViewController.m */; };
		F4AB3BE11859E623000FB929 /* SenTestingKit.framework in Frameworks */ = {isa = PBXBuildFile; fileRef = F4AB3BE01859E623000FB929 /* SenTestingKit.framework */; };
		F4AB3BE21859E623000FB929 /* UIKit.framework in Frameworks */ = {isa = PBXBuildFile; fileRef = F4AB3BB91859E623000FB929 /* UIKit.framework */; };
		F4AB3BE31859E623000FB929 /* Foundation.framework in Frameworks */ = {isa = PBXBuildFile; fileRef = F4AB3BBB1859E623000FB929 /* Foundation.framework */; };
		F4AB3BEB1859E623000FB929 /* InfoPlist.strings in Resources */ = {isa = PBXBuildFile; fileRef = F4AB3BE91859E623000FB929 /* InfoPlist.strings */; };
		F4AB3BEE1859E623000FB929 /* pcasoTests.m in Sources */ = {isa = PBXBuildFile; fileRef = F4AB3BED1859E623000FB929 /* pcasoTests.m */; };
/* End PBXBuildFile section */

/* Begin PBXContainerItemProxy section */
		F4AB3BE41859E623000FB929 /* PBXContainerItemProxy */ = {
			isa = PBXContainerItemProxy;
			containerPortal = F4AB3BAE1859E623000FB929 /* Project object */;
			proxyType = 1;
			remoteGlobalIDString = F4AB3BB51859E623000FB929;
			remoteInfo = pcaso;
		};
/* End PBXContainerItemProxy section */

/* Begin PBXFileReference section */
		F4AB3BB61859E623000FB929 /* pcaso.app */ = {isa = PBXFileReference; explicitFileType = wrapper.application; includeInIndex = 0; path = pcaso.app; sourceTree = BUILT_PRODUCTS_DIR; };
		F4AB3BB91859E623000FB929 /* UIKit.framework */ = {isa = PBXFileReference; lastKnownFileType = wrapper.framework; name = UIKit.framework; path = System/Library/Frameworks/UIKit.framework; sourceTree = SDKROOT; };
		F4AB3BBB1859E623000FB929 /* Foundation.framework */ = {isa = PBXFileReference; lastKnownFileType = wrapper.framework; name = Foundation.framework; path = System/Library/Frameworks/Foundation.framework; sourceTree = SDKROOT; };
		F4AB3BBD1859E623000FB929 /* CoreGraphics.framework */ = {isa = PBXFileReference; lastKnownFileType = wrapper.framework; name = CoreGraphics.framework; path = System/Library/Frameworks/CoreGraphics.framework; sourceTree = SDKROOT; };
		F4AB3BC11859E623000FB929 /* pcaso-Info.plist */ = {isa = PBXFileReference; lastKnownFileType = text.plist.xml; path = "pcaso-Info.plist"; sourceTree = "<group>"; };
		F4AB3BC31859E623000FB929 /* en */ = {isa = PBXFileReference; lastKnownFileType = text.plist.strings; name = en; path = en.lproj/InfoPlist.strings; sourceTree = "<group>"; };
		F4AB3BC51859E623000FB929 /* main.m */ = {isa = PBXFileReference; lastKnownFileType = sourcecode.c.objc; path = main.m; sourceTree = "<group>"; };
		F4AB3BC71859E623000FB929 /* pcaso-Prefix.pch */ = {isa = PBXFileReference; lastKnownFileType = sourcecode.c.h; path = "pcaso-Prefix.pch"; sourceTree = "<group>"; };
		F4AB3BC81859E623000FB929 /* AppDelegate.h */ = {isa = PBXFileReference; lastKnownFileType = sourcecode.c.h; path = AppDelegate.h; sourceTree = "<group>"; };
		F4AB3BC91859E623000FB929 /* AppDelegate.m */ = {isa = PBXFileReference; lastKnownFileType = sourcecode.c.objc; path = AppDelegate.m; sourceTree = "<group>"; };
		F4AB3BCB1859E623000FB929 /* Default.png */ = {isa = PBXFileReference; lastKnownFileType = image.png; path = Default.png; sourceTree = "<group>"; };
		F4AB3BCD1859E623000FB929 /* Default@2x.png */ = {isa = PBXFileReference; lastKnownFileType = image.png; path = "Default@2x.png"; sourceTree = "<group>"; };
		F4AB3BCF1859E623000FB929 /* Default-568h@2x.png */ = {isa = PBXFileReference; lastKnownFileType = image.png; path = "Default-568h@2x.png"; sourceTree = "<group>"; };
		F4AB3BD21859E623000FB929 /* en */ = {isa = PBXFileReference; lastKnownFileType = file.storyboard; name = en; path = en.lproj/MainStoryboard.storyboard; sourceTree = "<group>"; };
		F4AB3BD41859E623000FB929 /* MasterViewController.h */ = {isa = PBXFileReference; lastKnownFileType = sourcecode.c.h; path = MasterViewController.h; sourceTree = "<group>"; };
		F4AB3BD51859E623000FB929 /* MasterViewController.m */ = {isa = PBXFileReference; lastKnownFileType = sourcecode.c.objc; path = MasterViewController.m; sourceTree = "<group>"; };
		F4AB3BD71859E623000FB929 /* DetailViewController.h */ = {isa = PBXFileReference; lastKnownFileType = sourcecode.c.h; path = DetailViewController.h; sourceTree = "<group>"; };
		F4AB3BD81859E623000FB929 /* DetailViewController.m */ = {isa = PBXFileReference; lastKnownFileType = sourcecode.c.objc; path = DetailViewController.m; sourceTree = "<group>"; };
		F4AB3BDF1859E623000FB929 /* pcasoTests.octest */ = {isa = PBXFileReference; explicitFileType = wrapper.cfbundle; includeInIndex = 0; path = pcasoTests.octest; sourceTree = BUILT_PRODUCTS_DIR; };
		F4AB3BE01859E623000FB929 /* SenTestingKit.framework */ = {isa = PBXFileReference; lastKnownFileType = wrapper.framework; name = SenTestingKit.framework; path = Library/Frameworks/SenTestingKit.framework; sourceTree = DEVELOPER_DIR; };
		F4AB3BE81859E623000FB929 /* pcasoTests-Info.plist */ = {isa = PBXFileReference; lastKnownFileType = text.plist.xml; path = "pcasoTests-Info.plist"; sourceTree = "<group>"; };
		F4AB3BEA1859E623000FB929 /* en */ = {isa = PBXFileReference; lastKnownFileType = text.plist.strings; name = en; path = en.lproj/InfoPlist.strings; sourceTree = "<group>"; };
		F4AB3BEC1859E623000FB929 /* pcasoTests.h */ = {isa = PBXFileReference; lastKnownFileType = sourcecode.c.h; path = pcasoTests.h; sourceTree = "<group>"; };
		F4AB3BED1859E623000FB929 /* pcasoTests.m */ = {isa = PBXFileReference; lastKnownFileType = sourcecode.c.objc; path = pcasoTests.m; sourceTree = "<group>"; };
/* End PBXFileReference section */

/* Begin PBXFrameworksBuildPhase section */
		F4AB3BB31859E623000FB929 /* Frameworks */ = {
			isa = PBXFrameworksBuildPhase;
			buildActionMask = 2147483647;
			files = (
				F4AB3BBA1859E623000FB929 /* UIKit.framework in Frameworks */,
				F4AB3BBC1859E623000FB929 /* Foundation.framework in Frameworks */,
				F4AB3BBE1859E623000FB929 /* CoreGraphics.framework in Frameworks */,
			);
			runOnlyForDeploymentPostprocessing = 0;
		};
		F4AB3BDB1859E623000FB929 /* Frameworks */ = {
			isa = PBXFrameworksBuildPhase;
			buildActionMask = 2147483647;
			files = (
				F4AB3BE11859E623000FB929 /* SenTestingKit.framework in Frameworks */,
				F4AB3BE21859E623000FB929 /* UIKit.framework in Frameworks */,
				F4AB3BE31859E623000FB929 /* Foundation.framework in Frameworks */,
			);
			runOnlyForDeploymentPostprocessing = 0;
		};
/* End PBXFrameworksBuildPhase section */

/* Begin PBXGroup section */
		F4AB3BAD1859E623000FB929 = {
			isa = PBXGroup;
			children = (
				F4AB3BBF1859E623000FB929 /* pcaso */,
				F4AB3BE61859E623000FB929 /* pcasoTests */,
				F4AB3BB81859E623000FB929 /* Frameworks */,
				F4AB3BB71859E623000FB929 /* Products */,
			);
			sourceTree = "<group>";
		};
		F4AB3BB71859E623000FB929 /* Products */ = {
			isa = PBXGroup;
			children = (
				F4AB3BB61859E623000FB929 /* pcaso.app */,
				F4AB3BDF1859E623000FB929 /* pcasoTests.octest */,
			);
			name = Products;
			sourceTree = "<group>";
		};
		F4AB3BB81859E623000FB929 /* Frameworks */ = {
			isa = PBXGroup;
			children = (
				F4AB3BB91859E623000FB929 /* UIKit.framework */,
				F4AB3BBB1859E623000FB929 /* Foundation.framework */,
				F4AB3BBD1859E623000FB929 /* CoreGraphics.framework */,
				F4AB3BE01859E623000FB929 /* SenTestingKit.framework */,
			);
			name = Frameworks;
			sourceTree = "<group>";
		};
		F4AB3BBF1859E623000FB929 /* pcaso */ = {
			isa = PBXGroup;
			children = (
				F4AB3BC81859E623000FB929 /* AppDelegate.h */,
				F4AB3BC91859E623000FB929 /* AppDelegate.m */,
				F4AB3BD11859E623000FB929 /* MainStoryboard.storyboard */,
				F4AB3BD41859E623000FB929 /* MasterViewController.h */,
				F4AB3BD51859E623000FB929 /* MasterViewController.m */,
				F4AB3BD71859E623000FB929 /* DetailViewController.h */,
				F4AB3BD81859E623000FB929 /* DetailViewController.m */,
				F4AB3BC01859E623000FB929 /* Supporting Files */,
			);
			path = pcaso;
			sourceTree = "<group>";
		};
		F4AB3BC01859E623000FB929 /* Supporting Files */ = {
			isa = PBXGroup;
			children = (
				F4AB3BC11859E623000FB929 /* pcaso-Info.plist */,
				F4AB3BC21859E623000FB929 /* InfoPlist.strings */,
				F4AB3BC51859E623000FB929 /* main.m */,
				F4AB3BC71859E623000FB929 /* pcaso-Prefix.pch */,
				F4AB3BCB1859E623000FB929 /* Default.png */,
				F4AB3BCD1859E623000FB929 /* Default@2x.png */,
				F4AB3BCF1859E623000FB929 /* Default-568h@2x.png */,
			);
			name = "Supporting Files";
			sourceTree = "<group>";
		};
		F4AB3BE61859E623000FB929 /* pcasoTests */ = {
			isa = PBXGroup;
			children = (
				F4AB3BEC1859E623000FB929 /* pcasoTests.h */,
				F4AB3BED1859E623000FB929 /* pcasoTests.m */,
				F4AB3BE71859E623000FB929 /* Supporting Files */,
			);
			path = pcasoTests;
			sourceTree = "<group>";
		};
		F4AB3BE71859E623000FB929 /* Supporting Files */ = {
			isa = PBXGroup;
			children = (
				F4AB3BE81859E623000FB929 /* pcasoTests-Info.plist */,
				F4AB3BE91859E623000FB929 /* InfoPlist.strings */,
			);
			name = "Supporting Files";
			sourceTree = "<group>";
		};
/* End PBXGroup section */

/* Begin PBXNativeTarget section */
		F4AB3BB51859E623000FB929 /* pcaso */ = {
			isa = PBXNativeTarget;
			buildConfigurationList = F4AB3BF11859E623000FB929 /* Build configuration list for PBXNativeTarget "pcaso" */;
			buildPhases = (
				F4AB3BB21859E623000FB929 /* Sources */,
				F4AB3BB31859E623000FB929 /* Frameworks */,
				F4AB3BB41859E623000FB929 /* Resources */,
			);
			buildRules = (
			);
			dependencies = (
			);
			name = pcaso;
			productName = pcaso;
			productReference = F4AB3BB61859E623000FB929 /* pcaso.app */;
			productType = "com.apple.product-type.application";
		};
		F4AB3BDE1859E623000FB929 /* pcasoTests */ = {
			isa = PBXNativeTarget;
			buildConfigurationList = F4AB3BF41859E623000FB929 /* Build configuration list for PBXNativeTarget "pcasoTests" */;
			buildPhases = (
				F4AB3BDA1859E623000FB929 /* Sources */,
				F4AB3BDB1859E623000FB929 /* Frameworks */,
				F4AB3BDC1859E623000FB929 /* Resources */,
				F4AB3BDD1859E623000FB929 /* ShellScript */,
			);
			buildRules = (
			);
			dependencies = (
				F4AB3BE51859E623000FB929 /* PBXTargetDependency */,
			);
			name = pcasoTests;
			productName = pcasoTests;
			productReference = F4AB3BDF1859E623000FB929 /* pcasoTests.octest */;
			productType = "com.apple.product-type.bundle";
		};
/* End PBXNativeTarget section */

/* Begin PBXProject section */
		F4AB3BAE1859E623000FB929 /* Project object */ = {
			isa = PBXProject;
			attributes = {
				LastUpgradeCheck = 0460;
				ORGANIZATIONNAME = "Simon Whiffin";
			};
			buildConfigurationList = F4AB3BB11859E623000FB929 /* Build configuration list for PBXProject "pcaso" */;
			compatibilityVersion = "Xcode 3.2";
			developmentRegion = English;
			hasScannedForEncodings = 0;
			knownRegions = (
				en,
			);
			mainGroup = F4AB3BAD1859E623000FB929;
			productRefGroup = F4AB3BB71859E623000FB929 /* Products */;
			projectDirPath = "";
			projectRoot = "";
			targets = (
				F4AB3BB51859E623000FB929 /* pcaso */,
				F4AB3BDE1859E623000FB929 /* pcasoTests */,
			);
		};
/* End PBXProject section */

/* Begin PBXResourcesBuildPhase section */
		F4AB3BB41859E623000FB929 /* Resources */ = {
			isa = PBXResourcesBuildPhase;
			buildActionMask = 2147483647;
			files = (
				F4AB3BC41859E623000FB929 /* InfoPlist.strings in Resources */,
				F4AB3BCC1859E623000FB929 /* Default.png in Resources */,
				F4AB3BCE1859E623000FB929 /* Default@2x.png in Resources */,
				F4AB3BD01859E623000FB929 /* Default-568h@2x.png in Resources */,
				F4AB3BD31859E623000FB929 /* MainStoryboard.storyboard in Resources */,
			);
			runOnlyForDeploymentPostprocessing = 0;
		};
		F4AB3BDC1859E623000FB929 /* Resources */ = {
			isa = PBXResourcesBuildPhase;
			buildActionMask = 2147483647;
			files = (
				F4AB3BEB1859E623000FB929 /* InfoPlist.strings in Resources */,
			);
			runOnlyForDeploymentPostprocessing = 0;
		};
/* End PBXResourcesBuildPhase section */

/* Begin PBXShellScriptBuildPhase section */
		F4AB3BDD1859E623000FB929 /* ShellScript */ = {
			isa = PBXShellScriptBuildPhase;
			buildActionMask = 2147483647;
			files = (
			);
			inputPaths = (
			);
			outputPaths = (
			);
			runOnlyForDeploymentPostprocessing = 0;
			shellPath = /bin/sh;
			shellScript = "# Run the unit tests in this test bundle.\n\"${SYSTEM_DEVELOPER_DIR}/Tools/RunUnitTests\"\n";
		};
/* End PBXShellScriptBuildPhase section */

/* Begin PBXSourcesBuildPhase section */
		F4AB3BB21859E623000FB929 /* Sources */ = {
			isa = PBXSourcesBuildPhase;
			buildActionMask = 2147483647;
			files = (
				F4AB3BC61859E623000FB929 /* main.m in Sources */,
				F4AB3BCA1859E623000FB929 /* AppDelegate.m in Sources */,
				F4AB3BD61859E623000FB929 /* MasterViewController.m in Sources */,
				F4AB3BD91859E623000FB929 /* DetailViewController.m in Sources */,
			);
			runOnlyForDeploymentPostprocessing = 0;
		};
		F4AB3BDA1859E623000FB929 /* Sources */ = {
			isa = PBXSourcesBuildPhase;
			buildActionMask = 2147483647;
			files = (
				F4AB3BEE1859E623000FB929 /* pcasoTests.m in Sources */,
			);
			runOnlyForDeploymentPostprocessing = 0;
		};
/* End PBXSourcesBuildPhase section */

/* Begin PBXTargetDependency section */
		F4AB3BE51859E623000FB929 /* PBXTargetDependency */ = {
			isa = PBXTargetDependency;
			target = F4AB3BB51859E623000FB929 /* pcaso */;
			targetProxy = F4AB3BE41859E623000FB929 /* PBXContainerItemProxy */;
		};
/* End PBXTargetDependency section */

/* Begin PBXVariantGroup section */
		F4AB3BC21859E623000FB929 /* InfoPlist.strings */ = {
			isa = PBXVariantGroup;
			children = (
				F4AB3BC31859E623000FB929 /* en */,
			);
			name = InfoPlist.strings;
			sourceTree = "<group>";
		};
		F4AB3BD11859E623000FB929 /* MainStoryboard.storyboard */ = {
			isa = PBXVariantGroup;
			children = (
				F4AB3BD21859E623000FB929 /* en */,
			);
			name = MainStoryboard.storyboard;
			sourceTree = "<group>";
		};
		F4AB3BE91859E623000FB929 /* InfoPlist.strings */ = {
			isa = PBXVariantGroup;
			children = (
				F4AB3BEA1859E623000FB929 /* en */,
			);
			name = InfoPlist.strings;
			sourceTree = "<group>";
		};
/* End PBXVariantGroup section */

/* Begin XCBuildConfiguration section */
		F4AB3BEF1859E623000FB929 /* Debug */ = {
			isa = XCBuildConfiguration;
			buildSettings = {
				ALWAYS_SEARCH_USER_PATHS = NO;
				CLANG_CXX_LANGUAGE_STANDARD = "gnu++0x";
				CLANG_CXX_LIBRARY = "libc++";
				CLANG_ENABLE_OBJC_ARC = YES;
				CLANG_WARN_CONSTANT_CONVERSION = YES;
				CLANG_WARN_EMPTY_BODY = YES;
				CLANG_WARN_ENUM_CONVERSION = YES;
				CLANG_WARN_INT_CONVERSION = YES;
				CLANG_WARN__DUPLICATE_METHOD_MATCH = YES;
				"CODE_SIGN_IDENTITY[sdk=iphoneos*]" = "iPhone Developer";
				COPY_PHASE_STRIP = NO;
				GCC_C_LANGUAGE_STANDARD = gnu99;
				GCC_DYNAMIC_NO_PIC = NO;
				GCC_OPTIMIZATION_LEVEL = 0;
				GCC_PREPROCESSOR_DEFINITIONS = (
					"DEBUG=1",
					"$(inherited)",
				);
				GCC_SYMBOLS_PRIVATE_EXTERN = NO;
				GCC_WARN_ABOUT_RETURN_TYPE = YES;
				GCC_WARN_UNINITIALIZED_AUTOS = YES;
				GCC_WARN_UNUSED_VARIABLE = YES;
				IPHONEOS_DEPLOYMENT_TARGET = 6.1;
				ONLY_ACTIVE_ARCH = YES;
				SDKROOT = iphoneos;
			};
			name = Debug;
		};
		F4AB3BF01859E623000FB929 /* Release */ = {
			isa = XCBuildConfiguration;
			buildSettings = {
				ALWAYS_SEARCH_USER_PATHS = NO;
				CLANG_CXX_LANGUAGE_STANDARD = "gnu++0x";
				CLANG_CXX_LIBRARY = "libc++";
				CLANG_ENABLE_OBJC_ARC = YES;
				CLANG_WARN_CONSTANT_CONVERSION = YES;
				CLANG_WARN_EMPTY_BODY = YES;
				CLANG_WARN_ENUM_CONVERSION = YES;
				CLANG_WARN_INT_CONVERSION = YES;
				CLANG_WARN__DUPLICATE_METHOD_MATCH = YES;
				"CODE_SIGN_IDENTITY[sdk=iphoneos*]" = "iPhone Developer";
				COPY_PHASE_STRIP = YES;
				GCC_C_LANGUAGE_STANDARD = gnu99;
				GCC_WARN_ABOUT_RETURN_TYPE = YES;
				GCC_WARN_UNINITIALIZED_AUTOS = YES;
				GCC_WARN_UNUSED_VARIABLE = YES;
				IPHONEOS_DEPLOYMENT_TARGET = 6.1;
				OTHER_CFLAGS = "-DNS_BLOCK_ASSERTIONS=1";
				SDKROOT = iphoneos;
				VALIDATE_PRODUCT = YES;
			};
			name = Release;
		};
		F4AB3BF21859E623000FB929 /* Debug */ = {
			isa = XCBuildConfiguration;
			buildSettings = {
				GCC_PRECOMPILE_PREFIX_HEADER = YES;
				GCC_PREFIX_HEADER = "pcaso/pcaso-Prefix.pch";
				INFOPLIST_FILE = "pcaso/pcaso-Info.plist";
				PRODUCT_NAME = "$(TARGET_NAME)";
				WRAPPER_EXTENSION = app;
			};
			name = Debug;
		};
		F4AB3BF31859E623000FB929 /* Release */ = {
			isa = XCBuildConfiguration;
			buildSettings = {
				GCC_PRECOMPILE_PREFIX_HEADER = YES;
				GCC_PREFIX_HEADER = "pcaso/pcaso-Prefix.pch";
				INFOPLIST_FILE = "pcaso/pcaso-Info.plist";
				PRODUCT_NAME = "$(TARGET_NAME)";
				WRAPPER_EXTENSION = app;
			};
			name = Release;
		};
		F4AB3BF51859E623000FB929 /* Debug */ = {
			isa = XCBuildConfiguration;
			buildSettings = {
				BUNDLE_LOADER = "$(BUILT_PRODUCTS_DIR)/pcaso.app/pcaso";
				FRAMEWORK_SEARCH_PATHS = (
					"\"$(SDKROOT)/Developer/Library/Frameworks\"",
					"\"$(DEVELOPER_LIBRARY_DIR)/Frameworks\"",
				);
				GCC_PRECOMPILE_PREFIX_HEADER = YES;
				GCC_PREFIX_HEADER = "pcaso/pcaso-Prefix.pch";
				INFOPLIST_FILE = "pcasoTests/pcasoTests-Info.plist";
				PRODUCT_NAME = "$(TARGET_NAME)";
				TEST_HOST = "$(BUNDLE_LOADER)";
				WRAPPER_EXTENSION = octest;
			};
			name = Debug;
		};
		F4AB3BF61859E623000FB929 /* Release */ = {
			isa = XCBuildConfiguration;
			buildSettings = {
				BUNDLE_LOADER = "$(BUILT_PRODUCTS_DIR)/pcaso.app/pcaso";
				FRAMEWORK_SEARCH_PATHS = (
					"\"$(SDKROOT)/Developer/Library/Frameworks\"",
					"\"$(DEVELOPER_LIBRARY_DIR)/Frameworks\"",
				);
				GCC_PRECOMPILE_PREFIX_HEADER = YES;
				GCC_PREFIX_HEADER = "pcaso/pcaso-Prefix.pch";
				INFOPLIST_FILE = "pcasoTests/pcasoTests-Info.plist";
				PRODUCT_NAME = "$(TARGET_NAME)";
				TEST_HOST = "$(BUNDLE_LOADER)";
				WRAPPER_EXTENSION = octest;
			};
			name = Release;
		};
/* End XCBuildConfiguration section */

/* Begin XCConfigurationList section */
		F4AB3BB11859E623000FB929 /* Build configuration list for PBXProject "pcaso" */ = {
			isa = XCConfigurationList;
			buildConfigurations = (
				F4AB3BEF1859E623000FB929 /* Debug */,
				F4AB3BF01859E623000FB929 /* Release */,
			);
			defaultConfigurationIsVisible = 0;
			defaultConfigurationName = Release;
		};
		F4AB3BF11859E623000FB929 /* Build configuration list for PBXNativeTarget "pcaso" */ = {
			isa = XCConfigurationList;
			buildConfigurations = (
				F4AB3BF21859E623000FB929 /* Debug */,
				F4AB3BF31859E623000FB929 /* Release */,
			);
			defaultConfigurationIsVisible = 0;
		};
		F4AB3BF41859E623000FB929 /* Build configuration list for PBXNativeTarget "pcasoTests" */ = {
			isa = XCConfigurationList;
			buildConfigurations = (
				F4AB3BF51859E623000FB929 /* Debug */,
				F4AB3BF61859E623000FB929 /* Release */,
			);
			defaultConfigurationIsVisible = 0;
		};
/* End XCConfigurationList section */
	};
	rootObject = F4AB3BAE1859E623000FB929 /* Project object */;
}
